
Microsoft Visual Studio Solution File, Format Version 12.00
# Visual Studio Version 16
VisualStudioVersion = 16.0.30503.244
MinimumVisualStudioVersion = 10.0.40219.1
Project("{FAE04EC0-301F-11D3-BF4B-00C04F79EFBC}") = "Caso 2", "Caso 2.csproj", "{25FA616A-5289-4C02-96CC-4E01B2DD6A33}"
EndProject
Global
	GlobalSection(SolutionConfigurationPlatforms) = preSolution
		Debug|Any CPU = Debug|Any CPU
		Release|Any CPU = Release|Any CPU
	EndGlobalSection
	GlobalSection(ProjectConfigurationPlatforms) = postSolution
		{25FA616A-5289-4C02-96CC-4E01B2DD6A33}.Debug|Any CPU.ActiveCfg = Debug|Any CPU
		{25FA616A-5289-4C02-96CC-4E01B2DD6A33}.Debug|Any CPU.Build.0 = Debug|Any CPU
		{25FA616A-5289-4C02-96CC-4E01B2DD6A33}.Release|Any CPU.ActiveCfg = Release|Any CPU
		{25FA616A-5289-4C02-96CC-4E01B2DD6A33}.Release|Any CPU.Build.0 = Release|Any CPU
	EndGlobalSection
	GlobalSection(SolutionProperties) = preSolution
		HideSolutionNode = FALSE
	EndGlobalSection
	GlobalSection(ExtensibilityGlobals) = postSolution
		SolutionGuid = {F08BBC10-95E5-41B8-8EDA-6A79E76220BB}
	EndGlobalSection
EndGlobal
